
Microsoft Visual Studio Solution File, Format Version 12.00
# Visual Studio Version 16
VisualStudioVersion = 16.0.30907.101
MinimumVisualStudioVersion = 10.0.40219.1
Project("{FAE04EC0-301F-11D3-BF4B-00C04F79EFBC}") = "Vending Machine", "Vending Machine\Vending Machine.csproj", "{FAE60C10-A4F2-4F0F-A71B-F9A430633FCE}"
EndProject
Global
	GlobalSection(SolutionConfigurationPlatforms) = preSolution
		Debug|Any CPU = Debug|Any CPU
		Release|Any CPU = Release|Any CPU
	EndGlobalSection
	GlobalSection(ProjectConfigurationPlatforms) = postSolution
		{FAE60C10-A4F2-4F0F-A71B-F9A430633FCE}.Debug|Any CPU.ActiveCfg = Debug|Any CPU
		{FAE60C10-A4F2-4F0F-A71B-F9A430633FCE}.Debug|Any CPU.Build.0 = Debug|Any CPU
		{FAE60C10-A4F2-4F0F-A71B-F9A430633FCE}.Release|Any CPU.ActiveCfg = Release|Any CPU
		{FAE60C10-A4F2-4F0F-A71B-F9A430633FCE}.Release|Any CPU.Build.0 = Release|Any CPU
	EndGlobalSection
	GlobalSection(SolutionProperties) = preSolution
		HideSolutionNode = FALSE
	EndGlobalSection
	GlobalSection(ExtensibilityGlobals) = postSolution
		SolutionGuid = {3C091507-4730-4A3F-8284-A68BCE4E789E}
	EndGlobalSection
EndGlobal
